
Microsoft Visual Studio Solution File, Format Version 12.00
# Visual Studio Version 17
VisualStudioVersion = 17.14.36121.58 d17.14
MinimumVisualStudioVersion = 10.0.40219.1
Project("{FAE04EC0-301F-11D3-BF4B-00C04F79EFBC}") = "GestorNotas2.0", "GestorNotas2.0\GestorNotas2.0.csproj", "{C281EDBB-B3E8-4D68-BFA2-C36D3CF90359}"
EndProject
Global
	GlobalSection(SolutionConfigurationPlatforms) = preSolution
		Debug|Any CPU = Debug|Any CPU
		Release|Any CPU = Release|Any CPU
	EndGlobalSection
	GlobalSection(ProjectConfigurationPlatforms) = postSolution
		{C281EDBB-B3E8-4D68-BFA2-C36D3CF90359}.Debug|Any CPU.ActiveCfg = Debug|Any CPU
		{C281EDBB-B3E8-4D68-BFA2-C36D3CF90359}.Debug|Any CPU.Build.0 = Debug|Any CPU
		{C281EDBB-B3E8-4D68-BFA2-C36D3CF90359}.Debug|Any CPU.Deploy.0 = Debug|Any CPU
		{C281EDBB-B3E8-4D68-BFA2-C36D3CF90359}.Release|Any CPU.ActiveCfg = Release|Any CPU
		{C281EDBB-B3E8-4D68-BFA2-C36D3CF90359}.Release|Any CPU.Build.0 = Release|Any CPU
		{C281EDBB-B3E8-4D68-BFA2-C36D3CF90359}.Release|Any CPU.Deploy.0 = Release|Any CPU
	EndGlobalSection
	GlobalSection(SolutionProperties) = preSolution
		HideSolutionNode = FALSE
	EndGlobalSection
	GlobalSection(ExtensibilityGlobals) = postSolution
		SolutionGuid = {F99E25E9-1ABF-40CA-A188-6C0E80AF1C4B}
	EndGlobalSection
EndGlobal
